// !$*UTF8*$!
{
	archiveVersion = 1;
	classes = {
	};
	objectVersion = 55;
	objects = {

/* Begin PBXBuildFile section */
		2A04B75527061A6C0050B82D /* RxSwiftExt.xcframework in Frameworks */ = {isa = PBXBuildFile; fileRef = 2A04B75427061A6C0050B82D /* RxSwiftExt.xcframework */; };
		2A04B75627061A6C0050B82D /* RxSwiftExt.xcframework in Embed Frameworks */ = {isa = PBXBuildFile; fileRef = 2A04B75427061A6C0050B82D /* RxSwiftExt.xcframework */; settings = {ATTRIBUTES = (CodeSignOnCopy, RemoveHeadersOnCopy, ); }; };
		2A04B75827062DAC0050B82D /* RepositoryTableViewCell.xib in Resources */ = {isa = PBXBuildFile; fileRef = 2A04B75727062DAC0050B82D /* RepositoryTableViewCell.xib */; };
		2A04B75A27062E7E0050B82D /* RepositoryTableViewCell.swift in Sources */ = {isa = PBXBuildFile; fileRef = 2A04B75927062E7E0050B82D /* RepositoryTableViewCell.swift */; };
		2A79A3F72705B4560029D72B /* SearchResultViewModel.swift in Sources */ = {isa = PBXBuildFile; fileRef = 2A79A3F62705B4560029D72B /* SearchResultViewModel.swift */; };
		2A79A3F92705B5900029D72B /* SearchResultUseCase.swift in Sources */ = {isa = PBXBuildFile; fileRef = 2A79A3F82705B5900029D72B /* SearchResultUseCase.swift */; };
		2A79A3FD2705DB070029D72B /* RxSwift.swift in Sources */ = {isa = PBXBuildFile; fileRef = 2A79A3FC2705DB070029D72B /* RxSwift.swift */; };
		2A90A1DD2704AE91000F5C19 /* SearchNavigationController.swift in Sources */ = {isa = PBXBuildFile; fileRef = 2A90A1DC2704AE91000F5C19 /* SearchNavigationController.swift */; };
		2A90A1E02704B29D000F5C19 /* ViewModel.swift in Sources */ = {isa = PBXBuildFile; fileRef = 2A90A1DF2704B29D000F5C19 /* ViewModel.swift */; };
		2A90A1E42704B3DE000F5C19 /* SearchRepositoryUseCase.swift in Sources */ = {isa = PBXBuildFile; fileRef = 2A90A1E32704B3DE000F5C19 /* SearchRepositoryUseCase.swift */; };
		2A90A1E62704B44D000F5C19 /* SearchRepositoryViewModel.swift in Sources */ = {isa = PBXBuildFile; fileRef = 2A90A1E52704B44D000F5C19 /* SearchRepositoryViewModel.swift */; };
		2A90A1F42704C2C6000F5C19 /* RxBlocking.xcframework in Frameworks */ = {isa = PBXBuildFile; fileRef = 2A90A1EE2704C0F0000F5C19 /* RxBlocking.xcframework */; };
		2A90A1F52704C2C6000F5C19 /* RxBlocking.xcframework in Embed Frameworks */ = {isa = PBXBuildFile; fileRef = 2A90A1EE2704C0F0000F5C19 /* RxBlocking.xcframework */; settings = {ATTRIBUTES = (CodeSignOnCopy, RemoveHeadersOnCopy, ); }; };
		2A90A1F62704C2C6000F5C19 /* RxCocoa.xcframework in Frameworks */ = {isa = PBXBuildFile; fileRef = 2A90A1E72704BF8F000F5C19 /* RxCocoa.xcframework */; };
		2A90A1F72704C2C6000F5C19 /* RxCocoa.xcframework in Embed Frameworks */ = {isa = PBXBuildFile; fileRef = 2A90A1E72704BF8F000F5C19 /* RxCocoa.xcframework */; settings = {ATTRIBUTES = (CodeSignOnCopy, RemoveHeadersOnCopy, ); }; };
		2A90A1F82704C2C6000F5C19 /* RxRelay.xcframework in Frameworks */ = {isa = PBXBuildFile; fileRef = 2A90A1EF2704C0F0000F5C19 /* RxRelay.xcframework */; };
		2A90A1F92704C2C6000F5C19 /* RxRelay.xcframework in Embed Frameworks */ = {isa = PBXBuildFile; fileRef = 2A90A1EF2704C0F0000F5C19 /* RxRelay.xcframework */; settings = {ATTRIBUTES = (CodeSignOnCopy, RemoveHeadersOnCopy, ); }; };
		2A90A1FA2704C2C6000F5C19 /* RxSwift.xcframework in Frameworks */ = {isa = PBXBuildFile; fileRef = 2AC8C7CE2703711D00A76325 /* RxSwift.xcframework */; };
		2A90A1FB2704C2C6000F5C19 /* RxSwift.xcframework in Embed Frameworks */ = {isa = PBXBuildFile; fileRef = 2AC8C7CE2703711D00A76325 /* RxSwift.xcframework */; settings = {ATTRIBUTES = (CodeSignOnCopy, RemoveHeadersOnCopy, ); }; };
		2A90A1FE2704C2C7000F5C19 /* RxCocoaRuntime.xcframework in Frameworks */ = {isa = PBXBuildFile; fileRef = 2A90A1FD2704C2C7000F5C19 /* RxCocoaRuntime.xcframework */; };
		2A90A1FF2704C2C7000F5C19 /* RxCocoaRuntime.xcframework in Embed Frameworks */ = {isa = PBXBuildFile; fileRef = 2A90A1FD2704C2C7000F5C19 /* RxCocoaRuntime.xcframework */; settings = {ATTRIBUTES = (CodeSignOnCopy, RemoveHeadersOnCopy, ); }; };
		2A90A2052704D71E000F5C19 /* SearchResultViewController.swift in Sources */ = {isa = PBXBuildFile; fileRef = 2A90A2042704D71E000F5C19 /* SearchResultViewController.swift */; };
		2A90A2082704E368000F5C19 /* SnapKit.xcframework in Frameworks */ = {isa = PBXBuildFile; fileRef = 2A90A2072704E368000F5C19 /* SnapKit.xcframework */; };
		2A90A2092704E368000F5C19 /* SnapKit.xcframework in Embed Frameworks */ = {isa = PBXBuildFile; fileRef = 2A90A2072704E368000F5C19 /* SnapKit.xcframework */; settings = {ATTRIBUTES = (CodeSignOnCopy, RemoveHeadersOnCopy, ); }; };
		2AC8C7B1270362B000A76325 /* AppDelegate.swift in Sources */ = {isa = PBXBuildFile; fileRef = 2AC8C7B0270362B000A76325 /* AppDelegate.swift */; };
		2AC8C7B3270362B000A76325 /* SceneDelegate.swift in Sources */ = {isa = PBXBuildFile; fileRef = 2AC8C7B2270362B000A76325 /* SceneDelegate.swift */; };
		2AC8C7B5270362B000A76325 /* SearchRepositoryViewController.swift in Sources */ = {isa = PBXBuildFile; fileRef = 2AC8C7B4270362B000A76325 /* SearchRepositoryViewController.swift */; };
		2AC8C7B8270362B000A76325 /* Main.storyboard in Resources */ = {isa = PBXBuildFile; fileRef = 2AC8C7B6270362B000A76325 /* Main.storyboard */; };
		2AC8C7BA270362B100A76325 /* Assets.xcassets in Resources */ = {isa = PBXBuildFile; fileRef = 2AC8C7B9270362B100A76325 /* Assets.xcassets */; };
		2AC8C7BD270362B100A76325 /* LaunchScreen.storyboard in Resources */ = {isa = PBXBuildFile; fileRef = 2AC8C7BB270362B100A76325 /* LaunchScreen.storyboard */; };
		2AC8C7CC27036ED500A76325 /* GitHubRepository.swift in Sources */ = {isa = PBXBuildFile; fileRef = 2AC8C7CB27036ED500A76325 /* GitHubRepository.swift */; };
		2AC8C7D6270371EA00A76325 /* Repository.swift in Sources */ = {isa = PBXBuildFile; fileRef = 2AC8C7D5270371EA00A76325 /* Repository.swift */; };
		2AC8C7D92703782F00A76325 /* ObservableRequest.swift in Sources */ = {isa = PBXBuildFile; fileRef = 2AC8C7D82703782F00A76325 /* ObservableRequest.swift */; };
		2AC8C7DC27037BA700A76325 /* Url.swift in Sources */ = {isa = PBXBuildFile; fileRef = 2AC8C7DB27037BA700A76325 /* Url.swift */; };
		2AC8C7DF27037E3F00A76325 /* URL.swift in Sources */ = {isa = PBXBuildFile; fileRef = 2AC8C7DE27037E3F00A76325 /* URL.swift */; };
/* End PBXBuildFile section */

/* Begin PBXCopyFilesBuildPhase section */
		2A90A1FC2704C2C7000F5C19 /* Embed Frameworks */ = {
			isa = PBXCopyFilesBuildPhase;
			buildActionMask = 2147483647;
			dstPath = "";
			dstSubfolderSpec = 10;
			files = (
				2A90A1F92704C2C6000F5C19 /* RxRelay.xcframework in Embed Frameworks */,
				2A90A1FB2704C2C6000F5C19 /* RxSwift.xcframework in Embed Frameworks */,
				2A90A1F52704C2C6000F5C19 /* RxBlocking.xcframework in Embed Frameworks */,
				2A90A1F72704C2C6000F5C19 /* RxCocoa.xcframework in Embed Frameworks */,
				2A90A2092704E368000F5C19 /* SnapKit.xcframework in Embed Frameworks */,
				2A90A1FF2704C2C7000F5C19 /* RxCocoaRuntime.xcframework in Embed Frameworks */,
				2A04B75627061A6C0050B82D /* RxSwiftExt.xcframework in Embed Frameworks */,
			);
			name = "Embed Frameworks";
			runOnlyForDeploymentPostprocessing = 0;
		};
/* End PBXCopyFilesBuildPhase section */

/* Begin PBXFileReference section */
		2A04B75427061A6C0050B82D /* RxSwiftExt.xcframework */ = {isa = PBXFileReference; lastKnownFileType = wrapper.xcframework; name = RxSwiftExt.xcframework; path = Carthage/Build/RxSwiftExt.xcframework; sourceTree = "<group>"; };
		2A04B75727062DAC0050B82D /* RepositoryTableViewCell.xib */ = {isa = PBXFileReference; lastKnownFileType = file.xib; path = RepositoryTableViewCell.xib; sourceTree = "<group>"; };
		2A04B75927062E7E0050B82D /* RepositoryTableViewCell.swift */ = {isa = PBXFileReference; lastKnownFileType = sourcecode.swift; path = RepositoryTableViewCell.swift; sourceTree = "<group>"; };
		2A79A3F62705B4560029D72B /* SearchResultViewModel.swift */ = {isa = PBXFileReference; lastKnownFileType = sourcecode.swift; path = SearchResultViewModel.swift; sourceTree = "<group>"; };
		2A79A3F82705B5900029D72B /* SearchResultUseCase.swift */ = {isa = PBXFileReference; lastKnownFileType = sourcecode.swift; path = SearchResultUseCase.swift; sourceTree = "<group>"; };
		2A79A3FC2705DB070029D72B /* RxSwift.swift */ = {isa = PBXFileReference; lastKnownFileType = sourcecode.swift; path = RxSwift.swift; sourceTree = "<group>"; };
		2A90A1DC2704AE91000F5C19 /* SearchNavigationController.swift */ = {isa = PBXFileReference; lastKnownFileType = sourcecode.swift; path = SearchNavigationController.swift; sourceTree = "<group>"; };
		2A90A1DF2704B29D000F5C19 /* ViewModel.swift */ = {isa = PBXFileReference; lastKnownFileType = sourcecode.swift; path = ViewModel.swift; sourceTree = "<group>"; };
		2A90A1E32704B3DE000F5C19 /* SearchRepositoryUseCase.swift */ = {isa = PBXFileReference; lastKnownFileType = sourcecode.swift; path = SearchRepositoryUseCase.swift; sourceTree = "<group>"; };
		2A90A1E52704B44D000F5C19 /* SearchRepositoryViewModel.swift */ = {isa = PBXFileReference; lastKnownFileType = sourcecode.swift; path = SearchRepositoryViewModel.swift; sourceTree = "<group>"; };
		2A90A1E72704BF8F000F5C19 /* RxCocoa.xcframework */ = {isa = PBXFileReference; lastKnownFileType = wrapper.xcframework; name = RxCocoa.xcframework; path = Carthage/Build/RxCocoa.xcframework; sourceTree = "<group>"; };
		2A90A1EE2704C0F0000F5C19 /* RxBlocking.xcframework */ = {isa = PBXFileReference; lastKnownFileType = wrapper.xcframework; name = RxBlocking.xcframework; path = Carthage/Build/RxBlocking.xcframework; sourceTree = "<group>"; };
		2A90A1EF2704C0F0000F5C19 /* RxRelay.xcframework */ = {isa = PBXFileReference; lastKnownFileType = wrapper.xcframework; name = RxRelay.xcframework; path = Carthage/Build/RxRelay.xcframework; sourceTree = "<group>"; };
		2A90A1FD2704C2C7000F5C19 /* RxCocoaRuntime.xcframework */ = {isa = PBXFileReference; lastKnownFileType = wrapper.xcframework; name = RxCocoaRuntime.xcframework; path = Carthage/Build/RxCocoaRuntime.xcframework; sourceTree = "<group>"; };
		2A90A2042704D71E000F5C19 /* SearchResultViewController.swift */ = {isa = PBXFileReference; lastKnownFileType = sourcecode.swift; path = SearchResultViewController.swift; sourceTree = "<group>"; };
		2A90A2072704E368000F5C19 /* SnapKit.xcframework */ = {isa = PBXFileReference; lastKnownFileType = wrapper.xcframework; name = SnapKit.xcframework; path = Carthage/Build/SnapKit.xcframework; sourceTree = "<group>"; };
		2AC8C7AD270362B000A76325 /* GitHub Repository Search.app */ = {isa = PBXFileReference; explicitFileType = wrapper.application; includeInIndex = 0; path = "GitHub Repository Search.app"; sourceTree = BUILT_PRODUCTS_DIR; };
		2AC8C7B0270362B000A76325 /* AppDelegate.swift */ = {isa = PBXFileReference; lastKnownFileType = sourcecode.swift; path = AppDelegate.swift; sourceTree = "<group>"; };
		2AC8C7B2270362B000A76325 /* SceneDelegate.swift */ = {isa = PBXFileReference; lastKnownFileType = sourcecode.swift; path = SceneDelegate.swift; sourceTree = "<group>"; };
		2AC8C7B4270362B000A76325 /* SearchRepositoryViewController.swift */ = {isa = PBXFileReference; lastKnownFileType = sourcecode.swift; path = SearchRepositoryViewController.swift; sourceTree = "<group>"; };
		2AC8C7B7270362B000A76325 /* Base */ = {isa = PBXFileReference; lastKnownFileType = file.storyboard; name = Base; path = Base.lproj/Main.storyboard; sourceTree = "<group>"; };
		2AC8C7B9270362B100A76325 /* Assets.xcassets */ = {isa = PBXFileReference; lastKnownFileType = folder.assetcatalog; path = Assets.xcassets; sourceTree = "<group>"; };
		2AC8C7BC270362B100A76325 /* Base */ = {isa = PBXFileReference; lastKnownFileType = file.storyboard; name = Base; path = Base.lproj/LaunchScreen.storyboard; sourceTree = "<group>"; };
		2AC8C7BE270362B100A76325 /* Info.plist */ = {isa = PBXFileReference; lastKnownFileType = text.plist.xml; path = Info.plist; sourceTree = "<group>"; };
		2AC8C7CB27036ED500A76325 /* GitHubRepository.swift */ = {isa = PBXFileReference; lastKnownFileType = sourcecode.swift; path = GitHubRepository.swift; sourceTree = "<group>"; };
		2AC8C7CE2703711D00A76325 /* RxSwift.xcframework */ = {isa = PBXFileReference; lastKnownFileType = wrapper.xcframework; name = RxSwift.xcframework; path = Carthage/Build/RxSwift.xcframework; sourceTree = "<group>"; };
		2AC8C7D5270371EA00A76325 /* Repository.swift */ = {isa = PBXFileReference; lastKnownFileType = sourcecode.swift; path = Repository.swift; sourceTree = "<group>"; };
		2AC8C7D82703782F00A76325 /* ObservableRequest.swift */ = {isa = PBXFileReference; lastKnownFileType = sourcecode.swift; path = ObservableRequest.swift; sourceTree = "<group>"; };
		2AC8C7DB27037BA700A76325 /* Url.swift */ = {isa = PBXFileReference; lastKnownFileType = sourcecode.swift; path = Url.swift; sourceTree = "<group>"; };
		2AC8C7DE27037E3F00A76325 /* URL.swift */ = {isa = PBXFileReference; lastKnownFileType = sourcecode.swift; path = URL.swift; sourceTree = "<group>"; };
		2AC8C7E127038FB500A76325 /* MyPlayground.playground */ = {isa = PBXFileReference; lastKnownFileType = file.playground; name = MyPlayground.playground; path = "GitHub Repository Search/MyPlayground.playground"; sourceTree = "<group>"; xcLanguageSpecificationIdentifier = xcode.lang.swift; };
/* End PBXFileReference section */

/* Begin PBXFrameworksBuildPhase section */
		2AC8C7AA270362B000A76325 /* Frameworks */ = {
			isa = PBXFrameworksBuildPhase;
			buildActionMask = 2147483647;
			files = (
				2A90A1F82704C2C6000F5C19 /* RxRelay.xcframework in Frameworks */,
				2A90A1FA2704C2C6000F5C19 /* RxSwift.xcframework in Frameworks */,
				2A90A1F42704C2C6000F5C19 /* RxBlocking.xcframework in Frameworks */,
				2A90A1F62704C2C6000F5C19 /* RxCocoa.xcframework in Frameworks */,
				2A90A2082704E368000F5C19 /* SnapKit.xcframework in Frameworks */,
				2A90A1FE2704C2C7000F5C19 /* RxCocoaRuntime.xcframework in Frameworks */,
				2A04B75527061A6C0050B82D /* RxSwiftExt.xcframework in Frameworks */,
			);
			runOnlyForDeploymentPostprocessing = 0;
		};
/* End PBXFrameworksBuildPhase section */

/* Begin PBXGroup section */
		2A90A1DA2704AE4C000F5C19 /* Search Navigation */ = {
			isa = PBXGroup;
			children = (
				2A90A1DB2704AE69000F5C19 /* Controller */,
			);
			path = "Search Navigation";
			sourceTree = "<group>";
		};
		2A90A1DB2704AE69000F5C19 /* Controller */ = {
			isa = PBXGroup;
			children = (
				2A90A1DC2704AE91000F5C19 /* SearchNavigationController.swift */,
			);
			path = Controller;
			sourceTree = "<group>";
		};
		2A90A1DE2704B28B000F5C19 /* View Model */ = {
			isa = PBXGroup;
			children = (
				2A90A1DF2704B29D000F5C19 /* ViewModel.swift */,
			);
			path = "View Model";
			sourceTree = "<group>";
		};
		2A90A2002704D6D5000F5C19 /* Search Result */ = {
			isa = PBXGroup;
			children = (
				2A90A2062704DBD5000F5C19 /* View */,
				2A90A2012704D6F5000F5C19 /* Controller */,
				2A90A2022704D6FE000F5C19 /* View Model */,
				2A90A2032704D705000F5C19 /* Use Case */,
			);
			path = "Search Result";
			sourceTree = "<group>";
		};
		2A90A2012704D6F5000F5C19 /* Controller */ = {
			isa = PBXGroup;
			children = (
				2A90A2042704D71E000F5C19 /* SearchResultViewController.swift */,
			);
			path = Controller;
			sourceTree = "<group>";
		};
		2A90A2022704D6FE000F5C19 /* View Model */ = {
			isa = PBXGroup;
			children = (
				2A79A3F62705B4560029D72B /* SearchResultViewModel.swift */,
			);
			path = "View Model";
			sourceTree = "<group>";
		};
		2A90A2032704D705000F5C19 /* Use Case */ = {
			isa = PBXGroup;
			children = (
				2A79A3F82705B5900029D72B /* SearchResultUseCase.swift */,
			);
			path = "Use Case";
			sourceTree = "<group>";
		};
		2A90A2062704DBD5000F5C19 /* View */ = {
			isa = PBXGroup;
			children = (
				2A04B75727062DAC0050B82D /* RepositoryTableViewCell.xib */,
				2A04B75927062E7E0050B82D /* RepositoryTableViewCell.swift */,
			);
			path = View;
			sourceTree = "<group>";
		};
		2AC8C7A4270362B000A76325 = {
			isa = PBXGroup;
			children = (
				2AC8C7E127038FB500A76325 /* MyPlayground.playground */,
				2AC8C7AF270362B000A76325 /* GitHub Repository Search */,
				2AC8C7AE270362B000A76325 /* Products */,
				2AC8C7CD2703711D00A76325 /* Frameworks */,
			);
			sourceTree = "<group>";
		};
		2AC8C7AE270362B000A76325 /* Products */ = {
			isa = PBXGroup;
			children = (
				2AC8C7AD270362B000A76325 /* GitHub Repository Search.app */,
			);
			name = Products;
			sourceTree = "<group>";
		};
		2AC8C7AF270362B000A76325 /* GitHub Repository Search */ = {
			isa = PBXGroup;
			children = (
				2AC8C7C427036D7500A76325 /* App */,
				2A90A1DA2704AE4C000F5C19 /* Search Navigation */,
				2AC8C7C527036DDA00A76325 /* Search Repository */,
				2A90A2002704D6D5000F5C19 /* Search Result */,
				2AC8C7DD27037E2B00A76325 /* Extensions */,
				2AC8C7C927036E8400A76325 /* Common */,
				2AC8C7B6270362B000A76325 /* Main.storyboard */,
				2AC8C7B9270362B100A76325 /* Assets.xcassets */,
				2AC8C7BB270362B100A76325 /* LaunchScreen.storyboard */,
				2AC8C7BE270362B100A76325 /* Info.plist */,
			);
			path = "GitHub Repository Search";
			sourceTree = "<group>";
		};
		2AC8C7C427036D7500A76325 /* App */ = {
			isa = PBXGroup;
			children = (
				2AC8C7B0270362B000A76325 /* AppDelegate.swift */,
				2AC8C7B2270362B000A76325 /* SceneDelegate.swift */,
			);
			path = App;
			sourceTree = "<group>";
		};
		2AC8C7C527036DDA00A76325 /* Search Repository */ = {
			isa = PBXGroup;
			children = (
				2AC8C7C627036DF900A76325 /* Controller */,
				2AC8C7C727036E0F00A76325 /* View Model */,
				2AC8C7C827036E1900A76325 /* Use Case */,
			);
			path = "Search Repository";
			sourceTree = "<group>";
		};
		2AC8C7C627036DF900A76325 /* Controller */ = {
			isa = PBXGroup;
			children = (
				2AC8C7B4270362B000A76325 /* SearchRepositoryViewController.swift */,
			);
			path = Controller;
			sourceTree = "<group>";
		};
		2AC8C7C727036E0F00A76325 /* View Model */ = {
			isa = PBXGroup;
			children = (
				2A90A1E52704B44D000F5C19 /* SearchRepositoryViewModel.swift */,
			);
			path = "View Model";
			sourceTree = "<group>";
		};
		2AC8C7C827036E1900A76325 /* Use Case */ = {
			isa = PBXGroup;
			children = (
				2A90A1E32704B3DE000F5C19 /* SearchRepositoryUseCase.swift */,
			);
			path = "Use Case";
			sourceTree = "<group>";
		};
		2AC8C7C927036E8400A76325 /* Common */ = {
			isa = PBXGroup;
			children = (
				2A90A1DE2704B28B000F5C19 /* View Model */,
				2AC8C7D72703781D00A76325 /* Network */,
				2AC8C7D22703715900A76325 /* Entities */,
				2AC8C7CA27036EC400A76325 /* Repositories */,
			);
			path = Common;
			sourceTree = "<group>";
		};
		2AC8C7CA27036EC400A76325 /* Repositories */ = {
			isa = PBXGroup;
			children = (
				2AC8C7CB27036ED500A76325 /* GitHubRepository.swift */,
				2AC8C7DB27037BA700A76325 /* Url.swift */,
			);
			path = Repositories;
			sourceTree = "<group>";
		};
		2AC8C7CD2703711D00A76325 /* Frameworks */ = {
			isa = PBXGroup;
			children = (
				2A04B75427061A6C0050B82D /* RxSwiftExt.xcframework */,
				2A90A2072704E368000F5C19 /* SnapKit.xcframework */,
				2A90A1FD2704C2C7000F5C19 /* RxCocoaRuntime.xcframework */,
				2A90A1EE2704C0F0000F5C19 /* RxBlocking.xcframework */,
				2A90A1EF2704C0F0000F5C19 /* RxRelay.xcframework */,
				2A90A1E72704BF8F000F5C19 /* RxCocoa.xcframework */,
				2AC8C7CE2703711D00A76325 /* RxSwift.xcframework */,
			);
			name = Frameworks;
			sourceTree = "<group>";
		};
		2AC8C7D22703715900A76325 /* Entities */ = {
			isa = PBXGroup;
			children = (
				2AC8C7D5270371EA00A76325 /* Repository.swift */,
			);
			path = Entities;
			sourceTree = "<group>";
		};
		2AC8C7D72703781D00A76325 /* Network */ = {
			isa = PBXGroup;
			children = (
				2AC8C7D82703782F00A76325 /* ObservableRequest.swift */,
			);
			path = Network;
			sourceTree = "<group>";
		};
		2AC8C7DD27037E2B00A76325 /* Extensions */ = {
			isa = PBXGroup;
			children = (
				2AC8C7DE27037E3F00A76325 /* URL.swift */,
				2A79A3FC2705DB070029D72B /* RxSwift.swift */,
			);
			path = Extensions;
			sourceTree = "<group>";
		};
/* End PBXGroup section */

/* Begin PBXNativeTarget section */
		2AC8C7AC270362B000A76325 /* GitHub Repository Search */ = {
			isa = PBXNativeTarget;
			buildConfigurationList = 2AC8C7C1270362B100A76325 /* Build configuration list for PBXNativeTarget "GitHub Repository Search" */;
			buildPhases = (
				2AC8C7A9270362B000A76325 /* Sources */,
				2AC8C7AA270362B000A76325 /* Frameworks */,
				2AC8C7AB270362B000A76325 /* Resources */,
				2A90A1FC2704C2C7000F5C19 /* Embed Frameworks */,
			);
			buildRules = (
			);
			dependencies = (
			);
			name = "GitHub Repository Search";
			productName = "GitHub Repository Search";
			productReference = 2AC8C7AD270362B000A76325 /* GitHub Repository Search.app */;
			productType = "com.apple.product-type.application";
		};
/* End PBXNativeTarget section */

/* Begin PBXProject section */
		2AC8C7A5270362B000A76325 /* Project object */ = {
			isa = PBXProject;
			attributes = {
				BuildIndependentTargetsInParallel = 1;
				LastSwiftUpdateCheck = 1300;
				LastUpgradeCheck = 1300;
				TargetAttributes = {
					2AC8C7AC270362B000A76325 = {
						CreatedOnToolsVersion = 13.0;
					};
				};
			};
			buildConfigurationList = 2AC8C7A8270362B000A76325 /* Build configuration list for PBXProject "GitHub Repository Search" */;
			compatibilityVersion = "Xcode 13.0";
			developmentRegion = en;
			hasScannedForEncodings = 0;
			knownRegions = (
				en,
				Base,
			);
			mainGroup = 2AC8C7A4270362B000A76325;
			productRefGroup = 2AC8C7AE270362B000A76325 /* Products */;
			projectDirPath = "";
			projectRoot = "";
			targets = (
				2AC8C7AC270362B000A76325 /* GitHub Repository Search */,
			);
		};
/* End PBXProject section */

/* Begin PBXResourcesBuildPhase section */
		2AC8C7AB270362B000A76325 /* Resources */ = {
			isa = PBXResourcesBuildPhase;
			buildActionMask = 2147483647;
			files = (
				2AC8C7BD270362B100A76325 /* LaunchScreen.storyboard in Resources */,
				2AC8C7BA270362B100A76325 /* Assets.xcassets in Resources */,
				2AC8C7B8270362B000A76325 /* Main.storyboard in Resources */,
				2A04B75827062DAC0050B82D /* RepositoryTableViewCell.xib in Resources */,
			);
			runOnlyForDeploymentPostprocessing = 0;
		};
/* End PBXResourcesBuildPhase section */

/* Begin PBXSourcesBuildPhase section */
		2AC8C7A9270362B000A76325 /* Sources */ = {
			isa = PBXSourcesBuildPhase;
			buildActionMask = 2147483647;
			files = (
				2A90A1E62704B44D000F5C19 /* SearchRepositoryViewModel.swift in Sources */,
				2A90A1E02704B29D000F5C19 /* ViewModel.swift in Sources */,
				2AC8C7CC27036ED500A76325 /* GitHubRepository.swift in Sources */,
				2AC8C7B5270362B000A76325 /* SearchRepositoryViewController.swift in Sources */,
				2AC8C7DC27037BA700A76325 /* Url.swift in Sources */,
				2A90A1E42704B3DE000F5C19 /* SearchRepositoryUseCase.swift in Sources */,
				2AC8C7D6270371EA00A76325 /* Repository.swift in Sources */,
				2A79A3F72705B4560029D72B /* SearchResultViewModel.swift in Sources */,
				2A79A3F92705B5900029D72B /* SearchResultUseCase.swift in Sources */,
				2AC8C7B1270362B000A76325 /* AppDelegate.swift in Sources */,
				2AC8C7D92703782F00A76325 /* ObservableRequest.swift in Sources */,
				2AC8C7B3270362B000A76325 /* SceneDelegate.swift in Sources */,
				2AC8C7DF27037E3F00A76325 /* URL.swift in Sources */,
				2A79A3FD2705DB070029D72B /* RxSwift.swift in Sources */,
				2A04B75A27062E7E0050B82D /* RepositoryTableViewCell.swift in Sources */,
				2A90A2052704D71E000F5C19 /* SearchResultViewController.swift in Sources */,
				2A90A1DD2704AE91000F5C19 /* SearchNavigationController.swift in Sources */,
			);
			runOnlyForDeploymentPostprocessing = 0;
		};
/* End PBXSourcesBuildPhase section */

/* Begin PBXVariantGroup section */
		2AC8C7B6270362B000A76325 /* Main.storyboard */ = {
			isa = PBXVariantGroup;
			children = (
				2AC8C7B7270362B000A76325 /* Base */,
			);
			name = Main.storyboard;
			sourceTree = "<group>";
		};
		2AC8C7BB270362B100A76325 /* LaunchScreen.storyboard */ = {
			isa = PBXVariantGroup;
			children = (
				2AC8C7BC270362B100A76325 /* Base */,
			);
			name = LaunchScreen.storyboard;
			sourceTree = "<group>";
		};
/* End PBXVariantGroup section */

/* Begin XCBuildConfiguration section */
		2AC8C7BF270362B100A76325 /* Debug */ = {
			isa = XCBuildConfiguration;
			buildSettings = {
				ALWAYS_SEARCH_USER_PATHS = NO;
				CLANG_ANALYZER_NONNULL = YES;
				CLANG_ANALYZER_NUMBER_OBJECT_CONVERSION = YES_AGGRESSIVE;
				CLANG_CXX_LANGUAGE_STANDARD = "gnu++17";
				CLANG_CXX_LIBRARY = "libc++";
				CLANG_ENABLE_MODULES = YES;
				CLANG_ENABLE_OBJC_ARC = YES;
				CLANG_ENABLE_OBJC_WEAK = YES;
				CLANG_WARN_BLOCK_CAPTURE_AUTORELEASING = YES;
				CLANG_WARN_BOOL_CONVERSION = YES;
				CLANG_WARN_COMMA = YES;
				CLANG_WARN_CONSTANT_CONVERSION = YES;
				CLANG_WARN_DEPRECATED_OBJC_IMPLEMENTATIONS = YES;
				CLANG_WARN_DIRECT_OBJC_ISA_USAGE = YES_ERROR;
				CLANG_WARN_DOCUMENTATION_COMMENTS = YES;
				CLANG_WARN_EMPTY_BODY = YES;
				CLANG_WARN_ENUM_CONVERSION = YES;
				CLANG_WARN_INFINITE_RECURSION = YES;
				CLANG_WARN_INT_CONVERSION = YES;
				CLANG_WARN_NON_LITERAL_NULL_CONVERSION = YES;
				CLANG_WARN_OBJC_IMPLICIT_RETAIN_SELF = YES;
				CLANG_WARN_OBJC_LITERAL_CONVERSION = YES;
				CLANG_WARN_OBJC_ROOT_CLASS = YES_ERROR;
				CLANG_WARN_QUOTED_INCLUDE_IN_FRAMEWORK_HEADER = YES;
				CLANG_WARN_RANGE_LOOP_ANALYSIS = YES;
				CLANG_WARN_STRICT_PROTOTYPES = YES;
				CLANG_WARN_SUSPICIOUS_MOVE = YES;
				CLANG_WARN_UNGUARDED_AVAILABILITY = YES_AGGRESSIVE;
				CLANG_WARN_UNREACHABLE_CODE = YES;
				CLANG_WARN__DUPLICATE_METHOD_MATCH = YES;
				COPY_PHASE_STRIP = NO;
				DEBUG_INFORMATION_FORMAT = dwarf;
				ENABLE_STRICT_OBJC_MSGSEND = YES;
				ENABLE_TESTABILITY = YES;
				GCC_C_LANGUAGE_STANDARD = gnu11;
				GCC_DYNAMIC_NO_PIC = NO;
				GCC_NO_COMMON_BLOCKS = YES;
				GCC_OPTIMIZATION_LEVEL = 0;
				GCC_PREPROCESSOR_DEFINITIONS = (
					"DEBUG=1",
					"$(inherited)",
				);
				GCC_WARN_64_TO_32_BIT_CONVERSION = YES;
				GCC_WARN_ABOUT_RETURN_TYPE = YES_ERROR;
				GCC_WARN_UNDECLARED_SELECTOR = YES;
				GCC_WARN_UNINITIALIZED_AUTOS = YES_AGGRESSIVE;
				GCC_WARN_UNUSED_FUNCTION = YES;
				GCC_WARN_UNUSED_VARIABLE = YES;
				IPHONEOS_DEPLOYMENT_TARGET = 13.0;
				MTL_ENABLE_DEBUG_INFO = INCLUDE_SOURCE;
				MTL_FAST_MATH = YES;
				ONLY_ACTIVE_ARCH = YES;
				SDKROOT = iphoneos;
				SWIFT_ACTIVE_COMPILATION_CONDITIONS = DEBUG;
				SWIFT_OPTIMIZATION_LEVEL = "-Onone";
			};
			name = Debug;
		};
		2AC8C7C0270362B100A76325 /* Release */ = {
			isa = XCBuildConfiguration;
			buildSettings = {
				ALWAYS_SEARCH_USER_PATHS = NO;
				CLANG_ANALYZER_NONNULL = YES;
				CLANG_ANALYZER_NUMBER_OBJECT_CONVERSION = YES_AGGRESSIVE;
				CLANG_CXX_LANGUAGE_STANDARD = "gnu++17";
				CLANG_CXX_LIBRARY = "libc++";
				CLANG_ENABLE_MODULES = YES;
				CLANG_ENABLE_OBJC_ARC = YES;
				CLANG_ENABLE_OBJC_WEAK = YES;
				CLANG_WARN_BLOCK_CAPTURE_AUTORELEASING = YES;
				CLANG_WARN_BOOL_CONVERSION = YES;
				CLANG_WARN_COMMA = YES;
				CLANG_WARN_CONSTANT_CONVERSION = YES;
				CLANG_WARN_DEPRECATED_OBJC_IMPLEMENTATIONS = YES;
				CLANG_WARN_DIRECT_OBJC_ISA_USAGE = YES_ERROR;
				CLANG_WARN_DOCUMENTATION_COMMENTS = YES;
				CLANG_WARN_EMPTY_BODY = YES;
				CLANG_WARN_ENUM_CONVERSION = YES;
				CLANG_WARN_INFINITE_RECURSION = YES;
				CLANG_WARN_INT_CONVERSION = YES;
				CLANG_WARN_NON_LITERAL_NULL_CONVERSION = YES;
				CLANG_WARN_OBJC_IMPLICIT_RETAIN_SELF = YES;
				CLANG_WARN_OBJC_LITERAL_CONVERSION = YES;
				CLANG_WARN_OBJC_ROOT_CLASS = YES_ERROR;
				CLANG_WARN_QUOTED_INCLUDE_IN_FRAMEWORK_HEADER = YES;
				CLANG_WARN_RANGE_LOOP_ANALYSIS = YES;
				CLANG_WARN_STRICT_PROTOTYPES = YES;
				CLANG_WARN_SUSPICIOUS_MOVE = YES;
				CLANG_WARN_UNGUARDED_AVAILABILITY = YES_AGGRESSIVE;
				CLANG_WARN_UNREACHABLE_CODE = YES;
				CLANG_WARN__DUPLICATE_METHOD_MATCH = YES;
				COPY_PHASE_STRIP = NO;
				DEBUG_INFORMATION_FORMAT = "dwarf-with-dsym";
				ENABLE_NS_ASSERTIONS = NO;
				ENABLE_STRICT_OBJC_MSGSEND = YES;
				GCC_C_LANGUAGE_STANDARD = gnu11;
				GCC_NO_COMMON_BLOCKS = YES;
				GCC_WARN_64_TO_32_BIT_CONVERSION = YES;
				GCC_WARN_ABOUT_RETURN_TYPE = YES_ERROR;
				GCC_WARN_UNDECLARED_SELECTOR = YES;
				GCC_WARN_UNINITIALIZED_AUTOS = YES_AGGRESSIVE;
				GCC_WARN_UNUSED_FUNCTION = YES;
				GCC_WARN_UNUSED_VARIABLE = YES;
				IPHONEOS_DEPLOYMENT_TARGET = 13.0;
				MTL_ENABLE_DEBUG_INFO = NO;
				MTL_FAST_MATH = YES;
				SDKROOT = iphoneos;
				SWIFT_COMPILATION_MODE = wholemodule;
				SWIFT_OPTIMIZATION_LEVEL = "-O";
				VALIDATE_PRODUCT = YES;
			};
			name = Release;
		};
		2AC8C7C2270362B100A76325 /* Debug */ = {
			isa = XCBuildConfiguration;
			buildSettings = {
				ASSETCATALOG_COMPILER_APPICON_NAME = AppIcon;
				ASSETCATALOG_COMPILER_GLOBAL_ACCENT_COLOR_NAME = AccentColor;
				CODE_SIGN_STYLE = Automatic;
				CURRENT_PROJECT_VERSION = 1;
				DEVELOPMENT_TEAM = Z593JBH9TX;
				GENERATE_INFOPLIST_FILE = YES;
				INFOPLIST_FILE = "GitHub Repository Search/Info.plist";
				INFOPLIST_KEY_UIApplicationSupportsIndirectInputEvents = YES;
				INFOPLIST_KEY_UILaunchStoryboardName = LaunchScreen;
				INFOPLIST_KEY_UIMainStoryboardFile = Main;
				INFOPLIST_KEY_UISupportedInterfaceOrientations_iPad = "UIInterfaceOrientationPortrait UIInterfaceOrientationPortraitUpsideDown UIInterfaceOrientationLandscapeLeft UIInterfaceOrientationLandscapeRight";
				INFOPLIST_KEY_UISupportedInterfaceOrientations_iPhone = "UIInterfaceOrientationPortrait UIInterfaceOrientationLandscapeLeft UIInterfaceOrientationLandscapeRight";
				IPHONEOS_DEPLOYMENT_TARGET = 13.0;
				LD_RUNPATH_SEARCH_PATHS = (
					"$(inherited)",
					"@executable_path/Frameworks",
				);
				MARKETING_VERSION = 1.0;
				PRODUCT_BUNDLE_IDENTIFIER = "com.ryo0126.GitHub-Repository-Search";
				PRODUCT_NAME = "$(TARGET_NAME)";
				SWIFT_EMIT_LOC_STRINGS = YES;
				SWIFT_VERSION = 5.0;
				TARGETED_DEVICE_FAMILY = 1;
			};
			name = Debug;
		};
		2AC8C7C3270362B100A76325 /* Release */ = {
			isa = XCBuildConfiguration;
			buildSettings = {
				ASSETCATALOG_COMPILER_APPICON_NAME = AppIcon;
				ASSETCATALOG_COMPILER_GLOBAL_ACCENT_COLOR_NAME = AccentColor;
				CODE_SIGN_STYLE = Automatic;
				CURRENT_PROJECT_VERSION = 1;
				DEVELOPMENT_TEAM = Z593JBH9TX;
				GENERATE_INFOPLIST_FILE = YES;
				INFOPLIST_FILE = "GitHub Repository Search/Info.plist";
				INFOPLIST_KEY_UIApplicationSupportsIndirectInputEvents = YES;
				INFOPLIST_KEY_UILaunchStoryboardName = LaunchScreen;
				INFOPLIST_KEY_UIMainStoryboardFile = Main;
				INFOPLIST_KEY_UISupportedInterfaceOrientations_iPad = "UIInterfaceOrientationPortrait UIInterfaceOrientationPortraitUpsideDown UIInterfaceOrientationLandscapeLeft UIInterfaceOrientationLandscapeRight";
				INFOPLIST_KEY_UISupportedInterfaceOrientations_iPhone = "UIInterfaceOrientationPortrait UIInterfaceOrientationLandscapeLeft UIInterfaceOrientationLandscapeRight";
				IPHONEOS_DEPLOYMENT_TARGET = 13.0;
				LD_RUNPATH_SEARCH_PATHS = (
					"$(inherited)",
					"@executable_path/Frameworks",
				);
				MARKETING_VERSION = 1.0;
				PRODUCT_BUNDLE_IDENTIFIER = "com.ryo0126.GitHub-Repository-Search";
				PRODUCT_NAME = "$(TARGET_NAME)";
				SWIFT_EMIT_LOC_STRINGS = YES;
				SWIFT_VERSION = 5.0;
				TARGETED_DEVICE_FAMILY = 1;
			};
			name = Release;
		};
/* End XCBuildConfiguration section */

/* Begin XCConfigurationList section */
		2AC8C7A8270362B000A76325 /* Build configuration list for PBXProject "GitHub Repository Search" */ = {
			isa = XCConfigurationList;
			buildConfigurations = (
				2AC8C7BF270362B100A76325 /* Debug */,
				2AC8C7C0270362B100A76325 /* Release */,
			);
			defaultConfigurationIsVisible = 0;
			defaultConfigurationName = Release;
		};
		2AC8C7C1270362B100A76325 /* Build configuration list for PBXNativeTarget "GitHub Repository Search" */ = {
			isa = XCConfigurationList;
			buildConfigurations = (
				2AC8C7C2270362B100A76325 /* Debug */,
				2AC8C7C3270362B100A76325 /* Release */,
			);
			defaultConfigurationIsVisible = 0;
			defaultConfigurationName = Release;
		};
/* End XCConfigurationList section */
	};
	rootObject = 2AC8C7A5270362B000A76325 /* Project object */;
}
